
Microsoft Visual Studio Solution File, Format Version 12.00
# Visual Studio 15
VisualStudioVersion = 15.0.28307.539
MinimumVisualStudioVersion = 10.0.40219.1
Project("{FAE04EC0-301F-11D3-BF4B-00C04F79EFBC}") = "MersTrenuri", "MersTrenuri\MersTrenuri.csproj", "{3F63FA97-F7B4-467C-9F26-110E4E418E4B}"
EndProject
Global
	GlobalSection(SolutionConfigurationPlatforms) = preSolution
		Debug|Any CPU = Debug|Any CPU
		Release|Any CPU = Release|Any CPU
	EndGlobalSection
	GlobalSection(ProjectConfigurationPlatforms) = postSolution
		{3F63FA97-F7B4-467C-9F26-110E4E418E4B}.Debug|Any CPU.ActiveCfg = Debug|Any CPU
		{3F63FA97-F7B4-467C-9F26-110E4E418E4B}.Debug|Any CPU.Build.0 = Debug|Any CPU
		{3F63FA97-F7B4-467C-9F26-110E4E418E4B}.Release|Any CPU.ActiveCfg = Release|Any CPU
		{3F63FA97-F7B4-467C-9F26-110E4E418E4B}.Release|Any CPU.Build.0 = Release|Any CPU
	EndGlobalSection
	GlobalSection(SolutionProperties) = preSolution
		HideSolutionNode = FALSE
	EndGlobalSection
	GlobalSection(ExtensibilityGlobals) = postSolution
		SolutionGuid = {6D3FA02A-4E7A-4286-8373-7CB2E67C3C09}
	EndGlobalSection
EndGlobal
